
Microsoft Visual Studio Solution File, Format Version 12.00
# Visual Studio 15
VisualStudioVersion = 15.0.28307.271
MinimumVisualStudioVersion = 10.0.40219.1
Project("{FAE04EC0-301F-11D3-BF4B-00C04F79EFBC}") = "Library.Presentation", "Library.Presentation\Library.Presentation.csproj", "{4C85B73D-616B-48C6-A0CD-746190E9BD29}"
EndProject
Project("{FAE04EC0-301F-11D3-BF4B-00C04F79EFBC}") = "Library.Data", "Library.Data\Library.Data.csproj", "{E3C61705-A305-4A02-A562-52F7E8FA5D43}"
EndProject
Project("{FAE04EC0-301F-11D3-BF4B-00C04F79EFBC}") = "Library.Domain", "Library.Domain\Library.Domain.csproj", "{FEE14F8C-4411-490A-9FBD-6729BC6530CA}"
EndProject
Project("{FAE04EC0-301F-11D3-BF4B-00C04F79EFBC}") = "Library.Infrastructure", "Library.Infrastructure\Library.Infrastructure.csproj", "{C773A282-D152-4540-A007-60981AC9169B}"
EndProject
Global
	GlobalSection(SolutionConfigurationPlatforms) = preSolution
		Debug|Any CPU = Debug|Any CPU
		Release|Any CPU = Release|Any CPU
	EndGlobalSection
	GlobalSection(ProjectConfigurationPlatforms) = postSolution
		{4C85B73D-616B-48C6-A0CD-746190E9BD29}.Debug|Any CPU.ActiveCfg = Debug|Any CPU
		{4C85B73D-616B-48C6-A0CD-746190E9BD29}.Debug|Any CPU.Build.0 = Debug|Any CPU
		{4C85B73D-616B-48C6-A0CD-746190E9BD29}.Release|Any CPU.ActiveCfg = Release|Any CPU
		{4C85B73D-616B-48C6-A0CD-746190E9BD29}.Release|Any CPU.Build.0 = Release|Any CPU
		{E3C61705-A305-4A02-A562-52F7E8FA5D43}.Debug|Any CPU.ActiveCfg = Debug|Any CPU
		{E3C61705-A305-4A02-A562-52F7E8FA5D43}.Debug|Any CPU.Build.0 = Debug|Any CPU
		{E3C61705-A305-4A02-A562-52F7E8FA5D43}.Release|Any CPU.ActiveCfg = Release|Any CPU
		{E3C61705-A305-4A02-A562-52F7E8FA5D43}.Release|Any CPU.Build.0 = Release|Any CPU
		{FEE14F8C-4411-490A-9FBD-6729BC6530CA}.Debug|Any CPU.ActiveCfg = Debug|Any CPU
		{FEE14F8C-4411-490A-9FBD-6729BC6530CA}.Debug|Any CPU.Build.0 = Debug|Any CPU
		{FEE14F8C-4411-490A-9FBD-6729BC6530CA}.Release|Any CPU.ActiveCfg = Release|Any CPU
		{FEE14F8C-4411-490A-9FBD-6729BC6530CA}.Release|Any CPU.Build.0 = Release|Any CPU
		{C773A282-D152-4540-A007-60981AC9169B}.Debug|Any CPU.ActiveCfg = Debug|Any CPU
		{C773A282-D152-4540-A007-60981AC9169B}.Debug|Any CPU.Build.0 = Debug|Any CPU
		{C773A282-D152-4540-A007-60981AC9169B}.Release|Any CPU.ActiveCfg = Release|Any CPU
		{C773A282-D152-4540-A007-60981AC9169B}.Release|Any CPU.Build.0 = Release|Any CPU
	EndGlobalSection
	GlobalSection(SolutionProperties) = preSolution
		HideSolutionNode = FALSE
	EndGlobalSection
	GlobalSection(ExtensibilityGlobals) = postSolution
		SolutionGuid = {65C4EBBE-C8AF-46C4-9631-6B7CC36406FA}
	EndGlobalSection
EndGlobal
